
Microsoft Visual Studio Solution File, Format Version 12.00
# Visual Studio 15
VisualStudioVersion = 15.0.27130.2010
MinimumVisualStudioVersion = 10.0.40219.1
Project("{FAE04EC0-301F-11D3-BF4B-00C04F79EFBC}") = "TrialApp", "TrialApp\TrialApp.csproj", "{A72FCC2E-B980-4717-92E9-16AFD665AFE4}"
EndProject
Project("{FAE04EC0-301F-11D3-BF4B-00C04F79EFBC}") = "TrialAppVerify", "TrialAppVerify\TrialAppVerify.csproj", "{BE9F1C45-F7F0-4C70-8862-A9501C95C298}"
EndProject
Global
	GlobalSection(SolutionConfigurationPlatforms) = preSolution
		Debug|Any CPU = Debug|Any CPU
		Release|Any CPU = Release|Any CPU
	EndGlobalSection
	GlobalSection(ProjectConfigurationPlatforms) = postSolution
		{A72FCC2E-B980-4717-92E9-16AFD665AFE4}.Debug|Any CPU.ActiveCfg = Debug|Any CPU
		{A72FCC2E-B980-4717-92E9-16AFD665AFE4}.Debug|Any CPU.Build.0 = Debug|Any CPU
		{A72FCC2E-B980-4717-92E9-16AFD665AFE4}.Release|Any CPU.ActiveCfg = Release|Any CPU
		{A72FCC2E-B980-4717-92E9-16AFD665AFE4}.Release|Any CPU.Build.0 = Release|Any CPU
		{BE9F1C45-F7F0-4C70-8862-A9501C95C298}.Debug|Any CPU.ActiveCfg = Debug|Any CPU
		{BE9F1C45-F7F0-4C70-8862-A9501C95C298}.Debug|Any CPU.Build.0 = Debug|Any CPU
		{BE9F1C45-F7F0-4C70-8862-A9501C95C298}.Release|Any CPU.ActiveCfg = Release|Any CPU
		{BE9F1C45-F7F0-4C70-8862-A9501C95C298}.Release|Any CPU.Build.0 = Release|Any CPU
	EndGlobalSection
	GlobalSection(SolutionProperties) = preSolution
		HideSolutionNode = FALSE
	EndGlobalSection
	GlobalSection(ExtensibilityGlobals) = postSolution
		SolutionGuid = {338B3D9E-6F76-40FC-A375-D92EC96CBA81}
	EndGlobalSection
EndGlobal
